// !$*UTF8*$!
{
	archiveVersion = 1;
	classes = {
	};
	objectVersion = 46;
	objects = {

/* Begin PBXBuildFile section */
		A90CB7B01E36DA3E00E49285 /* AppDelegate.swift in Sources */ = {isa = PBXBuildFile; fileRef = A90CB7AF1E36DA3E00E49285 /* AppDelegate.swift */; };
		A90CB7B51E36DA3E00E49285 /* Main.storyboard in Resources */ = {isa = PBXBuildFile; fileRef = A90CB7B31E36DA3E00E49285 /* Main.storyboard */; };
		A90CB7B71E36DA3E00E49285 /* Assets.xcassets in Resources */ = {isa = PBXBuildFile; fileRef = A90CB7B61E36DA3E00E49285 /* Assets.xcassets */; };
		A90CB7BA1E36DA3E00E49285 /* LaunchScreen.storyboard in Resources */ = {isa = PBXBuildFile; fileRef = A90CB7B81E36DA3E00E49285 /* LaunchScreen.storyboard */; };
		A90CB7CB1E36DC6E00E49285 /* StreamingMetricsViewController.swift in Sources */ = {isa = PBXBuildFile; fileRef = A90CB7CA1E36DC6E00E49285 /* StreamingMetricsViewController.swift */; };
		A90CB7CD1E36DC9400E49285 /* TwitterWebService.swift in Sources */ = {isa = PBXBuildFile; fileRef = A90CB7CC1E36DC9400E49285 /* TwitterWebService.swift */; };
		A90CB7CF1E36DCB800E49285 /* Tweet.swift in Sources */ = {isa = PBXBuildFile; fileRef = A90CB7CE1E36DCB800E49285 /* Tweet.swift */; };
		A90CB7D21E36DCEF00E49285 /* String.swift in Sources */ = {isa = PBXBuildFile; fileRef = A90CB7D11E36DCEF00E49285 /* String.swift */; };
		A90CB7D41E36DDFD00E49285 /* UIColor.swift in Sources */ = {isa = PBXBuildFile; fileRef = A90CB7D31E36DDFD00E49285 /* UIColor.swift */; };
		A90CB7D61E36DFDA00E49285 /* DisplayMetrics.swift in Sources */ = {isa = PBXBuildFile; fileRef = A90CB7D51E36DFDA00E49285 /* DisplayMetrics.swift */; };
		A90CB7D81E36E06E00E49285 /* Metrics.swift in Sources */ = {isa = PBXBuildFile; fileRef = A90CB7D71E36E06E00E49285 /* Metrics.swift */; };
		A90CB7DA1E36E10800E49285 /* UnicodeScalar.swift in Sources */ = {isa = PBXBuildFile; fileRef = A90CB7D91E36E10800E49285 /* UnicodeScalar.swift */; };
		A90CB7DC1E36E2C400E49285 /* Constant.swift in Sources */ = {isa = PBXBuildFile; fileRef = A90CB7DB1E36E2C400E49285 /* Constant.swift */; };
		A90CB7DE1E36EE7700E49285 /* Date.swift in Sources */ = {isa = PBXBuildFile; fileRef = A90CB7DD1E36EE7700E49285 /* Date.swift */; };
		F514362B800DB51BAFA98089 /* Pods_JBTwitterStreaming.framework in Frameworks */ = {isa = PBXBuildFile; fileRef = B6E8CB95D2A5138191281BFE /* Pods_JBTwitterStreaming.framework */; };
/* End PBXBuildFile section */

/* Begin PBXFileReference section */
		A09EF8E392A41C898F48DB3D /* Pods-JBTwitterStreaming.debug.xcconfig */ = {isa = PBXFileReference; includeInIndex = 1; lastKnownFileType = text.xcconfig; name = "Pods-JBTwitterStreaming.debug.xcconfig"; path = "Pods/Target Support Files/Pods-JBTwitterStreaming/Pods-JBTwitterStreaming.debug.xcconfig"; sourceTree = "<group>"; };
		A90CB7AC1E36DA3E00E49285 /* JBTwitterStreaming.app */ = {isa = PBXFileReference; explicitFileType = wrapper.application; includeInIndex = 0; path = JBTwitterStreaming.app; sourceTree = BUILT_PRODUCTS_DIR; };
		A90CB7AF1E36DA3E00E49285 /* AppDelegate.swift */ = {isa = PBXFileReference; lastKnownFileType = sourcecode.swift; path = AppDelegate.swift; sourceTree = "<group>"; };
		A90CB7B41E36DA3E00E49285 /* Base */ = {isa = PBXFileReference; lastKnownFileType = file.storyboard; name = Base; path = Base.lproj/Main.storyboard; sourceTree = "<group>"; };
		A90CB7B61E36DA3E00E49285 /* Assets.xcassets */ = {isa = PBXFileReference; lastKnownFileType = folder.assetcatalog; path = Assets.xcassets; sourceTree = "<group>"; };
		A90CB7B91E36DA3E00E49285 /* Base */ = {isa = PBXFileReference; lastKnownFileType = file.storyboard; name = Base; path = Base.lproj/LaunchScreen.storyboard; sourceTree = "<group>"; };
		A90CB7BB1E36DA3E00E49285 /* Info.plist */ = {isa = PBXFileReference; lastKnownFileType = text.plist.xml; path = Info.plist; sourceTree = "<group>"; };
		A90CB7CA1E36DC6E00E49285 /* StreamingMetricsViewController.swift */ = {isa = PBXFileReference; fileEncoding = 4; lastKnownFileType = sourcecode.swift; path = StreamingMetricsViewController.swift; sourceTree = "<group>"; };
		A90CB7CC1E36DC9400E49285 /* TwitterWebService.swift */ = {isa = PBXFileReference; fileEncoding = 4; lastKnownFileType = sourcecode.swift; path = TwitterWebService.swift; sourceTree = "<group>"; };
		A90CB7CE1E36DCB800E49285 /* Tweet.swift */ = {isa = PBXFileReference; fileEncoding = 4; lastKnownFileType = sourcecode.swift; path = Tweet.swift; sourceTree = "<group>"; };
		A90CB7D11E36DCEF00E49285 /* String.swift */ = {isa = PBXFileReference; fileEncoding = 4; lastKnownFileType = sourcecode.swift; path = String.swift; sourceTree = "<group>"; };
		A90CB7D31E36DDFD00E49285 /* UIColor.swift */ = {isa = PBXFileReference; fileEncoding = 4; lastKnownFileType = sourcecode.swift; path = UIColor.swift; sourceTree = "<group>"; };
		A90CB7D51E36DFDA00E49285 /* DisplayMetrics.swift */ = {isa = PBXFileReference; fileEncoding = 4; lastKnownFileType = sourcecode.swift; path = DisplayMetrics.swift; sourceTree = "<group>"; };
		A90CB7D71E36E06E00E49285 /* Metrics.swift */ = {isa = PBXFileReference; fileEncoding = 4; lastKnownFileType = sourcecode.swift; path = Metrics.swift; sourceTree = "<group>"; };
		A90CB7D91E36E10800E49285 /* UnicodeScalar.swift */ = {isa = PBXFileReference; fileEncoding = 4; lastKnownFileType = sourcecode.swift; path = UnicodeScalar.swift; sourceTree = "<group>"; };
		A90CB7DB1E36E2C400E49285 /* Constant.swift */ = {isa = PBXFileReference; fileEncoding = 4; lastKnownFileType = sourcecode.swift; path = Constant.swift; sourceTree = "<group>"; };
		A90CB7DD1E36EE7700E49285 /* Date.swift */ = {isa = PBXFileReference; fileEncoding = 4; lastKnownFileType = sourcecode.swift; path = Date.swift; sourceTree = "<group>"; };
		B6E8CB95D2A5138191281BFE /* Pods_JBTwitterStreaming.framework */ = {isa = PBXFileReference; explicitFileType = wrapper.framework; includeInIndex = 0; path = Pods_JBTwitterStreaming.framework; sourceTree = BUILT_PRODUCTS_DIR; };
		C7EF3A4276F95433D5E974E5 /* Pods-JBTwitterStreaming.release.xcconfig */ = {isa = PBXFileReference; includeInIndex = 1; lastKnownFileType = text.xcconfig; name = "Pods-JBTwitterStreaming.release.xcconfig"; path = "Pods/Target Support Files/Pods-JBTwitterStreaming/Pods-JBTwitterStreaming.release.xcconfig"; sourceTree = "<group>"; };
/* End PBXFileReference section */

/* Begin PBXFrameworksBuildPhase section */
		A90CB7A91E36DA3E00E49285 /* Frameworks */ = {
			isa = PBXFrameworksBuildPhase;
			buildActionMask = 2147483647;
			files = (
				F514362B800DB51BAFA98089 /* Pods_JBTwitterStreaming.framework in Frameworks */,
			);
			runOnlyForDeploymentPostprocessing = 0;
		};
/* End PBXFrameworksBuildPhase section */

/* Begin PBXGroup section */
		44425B918E95101A59493690 /* Pods */ = {
			isa = PBXGroup;
			children = (
				A09EF8E392A41C898F48DB3D /* Pods-JBTwitterStreaming.debug.xcconfig */,
				C7EF3A4276F95433D5E974E5 /* Pods-JBTwitterStreaming.release.xcconfig */,
			);
			name = Pods;
			sourceTree = "<group>";
		};
		A90CB7A31E36DA3E00E49285 = {
			isa = PBXGroup;
			children = (
				A90CB7AE1E36DA3E00E49285 /* JBTwitterStreaming */,
				A90CB7AD1E36DA3E00E49285 /* Products */,
				44425B918E95101A59493690 /* Pods */,
				D040F2ABE4D84586C286195A /* Frameworks */,
			);
			sourceTree = "<group>";
		};
		A90CB7AD1E36DA3E00E49285 /* Products */ = {
			isa = PBXGroup;
			children = (
				A90CB7AC1E36DA3E00E49285 /* JBTwitterStreaming.app */,
			);
			name = Products;
			sourceTree = "<group>";
		};
		A90CB7AE1E36DA3E00E49285 /* JBTwitterStreaming */ = {
			isa = PBXGroup;
			children = (
				A90CB7D01E36DCE800E49285 /* Extension */,
				A90CB7C71E36DC0000E49285 /* ViewController */,
				A90CB7C21E36DBC600E49285 /* Model */,
				A90CB7C31E36DBC600E49285 /* Network */,
				A90CB7C11E36DBBB00E49285 /* Utility */,
				A90CB7AF1E36DA3E00E49285 /* AppDelegate.swift */,
				A90CB7B31E36DA3E00E49285 /* Main.storyboard */,
				A90CB7B61E36DA3E00E49285 /* Assets.xcassets */,
				A90CB7B81E36DA3E00E49285 /* LaunchScreen.storyboard */,
				A90CB7BB1E36DA3E00E49285 /* Info.plist */,
			);
			path = JBTwitterStreaming;
			sourceTree = "<group>";
		};
		A90CB7C11E36DBBB00E49285 /* Utility */ = {
			isa = PBXGroup;
			children = (
				A90CB7DB1E36E2C400E49285 /* Constant.swift */,
			);
			path = Utility;
			sourceTree = "<group>";
		};
		A90CB7C21E36DBC600E49285 /* Model */ = {
			isa = PBXGroup;
			children = (
				A90CB7CE1E36DCB800E49285 /* Tweet.swift */,
				A90CB7D51E36DFDA00E49285 /* DisplayMetrics.swift */,
				A90CB7D71E36E06E00E49285 /* Metrics.swift */,
			);
			path = Model;
			sourceTree = "<group>";
		};
		A90CB7C31E36DBC600E49285 /* Network */ = {
			isa = PBXGroup;
			children = (
				A90CB7CC1E36DC9400E49285 /* TwitterWebService.swift */,
			);
			path = Network;
			sourceTree = "<group>";
		};
		A90CB7C71E36DC0000E49285 /* ViewController */ = {
			isa = PBXGroup;
			children = (
				A90CB7CA1E36DC6E00E49285 /* StreamingMetricsViewController.swift */,
			);
			path = ViewController;
			sourceTree = "<group>";
		};
		A90CB7D01E36DCE800E49285 /* Extension */ = {
			isa = PBXGroup;
			children = (
				A90CB7D11E36DCEF00E49285 /* String.swift */,
				A90CB7D31E36DDFD00E49285 /* UIColor.swift */,
				A90CB7D91E36E10800E49285 /* UnicodeScalar.swift */,
				A90CB7DD1E36EE7700E49285 /* Date.swift */,
			);
			path = Extension;
			sourceTree = "<group>";
		};
		D040F2ABE4D84586C286195A /* Frameworks */ = {
			isa = PBXGroup;
			children = (
				B6E8CB95D2A5138191281BFE /* Pods_JBTwitterStreaming.framework */,
			);
			name = Frameworks;
			sourceTree = "<group>";
		};
/* End PBXGroup section */

/* Begin PBXNativeTarget section */
		A90CB7AB1E36DA3E00E49285 /* JBTwitterStreaming */ = {
			isa = PBXNativeTarget;
			buildConfigurationList = A90CB7BE1E36DA3E00E49285 /* Build configuration list for PBXNativeTarget "JBTwitterStreaming" */;
			buildPhases = (
				070758983BC3A1727EC9FEBE /* [CP] Check Pods Manifest.lock */,
				A90CB7A81E36DA3E00E49285 /* Sources */,
				A90CB7A91E36DA3E00E49285 /* Frameworks */,
				A90CB7AA1E36DA3E00E49285 /* Resources */,
				BB1E53C724117C5D56955E7B /* [CP] Embed Pods Frameworks */,
				9579B46A78BF2A828B50DD07 /* [CP] Copy Pods Resources */,
			);
			buildRules = (
			);
			dependencies = (
			);
			name = JBTwitterStreaming;
			productName = JBTwitterStreaming;
			productReference = A90CB7AC1E36DA3E00E49285 /* JBTwitterStreaming.app */;
			productType = "com.apple.product-type.application";
		};
/* End PBXNativeTarget section */

/* Begin PBXProject section */
		A90CB7A41E36DA3E00E49285 /* Project object */ = {
			isa = PBXProject;
			attributes = {
				LastSwiftUpdateCheck = 0800;
				LastUpgradeCheck = 0800;
				ORGANIZATIONNAME = "Jeff Breunig";
				TargetAttributes = {
					A90CB7AB1E36DA3E00E49285 = {
						CreatedOnToolsVersion = 8.0;
						ProvisioningStyle = Automatic;
					};
				};
			};
			buildConfigurationList = A90CB7A71E36DA3E00E49285 /* Build configuration list for PBXProject "JBTwitterStreaming" */;
			compatibilityVersion = "Xcode 3.2";
			developmentRegion = English;
			hasScannedForEncodings = 0;
			knownRegions = (
				en,
				Base,
			);
			mainGroup = A90CB7A31E36DA3E00E49285;
			productRefGroup = A90CB7AD1E36DA3E00E49285 /* Products */;
			projectDirPath = "";
			projectRoot = "";
			targets = (
				A90CB7AB1E36DA3E00E49285 /* JBTwitterStreaming */,
			);
		};
/* End PBXProject section */

/* Begin PBXResourcesBuildPhase section */
		A90CB7AA1E36DA3E00E49285 /* Resources */ = {
			isa = PBXResourcesBuildPhase;
			buildActionMask = 2147483647;
			files = (
				A90CB7BA1E36DA3E00E49285 /* LaunchScreen.storyboard in Resources */,
				A90CB7B71E36DA3E00E49285 /* Assets.xcassets in Resources */,
				A90CB7B51E36DA3E00E49285 /* Main.storyboard in Resources */,
			);
			runOnlyForDeploymentPostprocessing = 0;
		};
/* End PBXResourcesBuildPhase section */

/* Begin PBXShellScriptBuildPhase section */
		070758983BC3A1727EC9FEBE /* [CP] Check Pods Manifest.lock */ = {
			isa = PBXShellScriptBuildPhase;
			buildActionMask = 2147483647;
			files = (
			);
			inputPaths = (
			);
			name = "[CP] Check Pods Manifest.lock";
			outputPaths = (
			);
			runOnlyForDeploymentPostprocessing = 0;
			shellPath = /bin/sh;
			shellScript = "diff \"${PODS_ROOT}/../Podfile.lock\" \"${PODS_ROOT}/Manifest.lock\" > /dev/null\nif [ $? != 0 ] ; then\n    # print error to STDERR\n    echo \"error: The sandbox is not in sync with the Podfile.lock. Run 'pod install' or update your CocoaPods installation.\" >&2\n    exit 1\nfi\n";
			showEnvVarsInLog = 0;
		};
		9579B46A78BF2A828B50DD07 /* [CP] Copy Pods Resources */ = {
			isa = PBXShellScriptBuildPhase;
			buildActionMask = 2147483647;
			files = (
			);
			inputPaths = (
			);
			name = "[CP] Copy Pods Resources";
			outputPaths = (
			);
			runOnlyForDeploymentPostprocessing = 0;
			shellPath = /bin/sh;
			shellScript = "\"${SRCROOT}/Pods/Target Support Files/Pods-JBTwitterStreaming/Pods-JBTwitterStreaming-resources.sh\"\n";
			showEnvVarsInLog = 0;
		};
		BB1E53C724117C5D56955E7B /* [CP] Embed Pods Frameworks */ = {
			isa = PBXShellScriptBuildPhase;
			buildActionMask = 2147483647;
			files = (
			);
			inputPaths = (
			);
			name = "[CP] Embed Pods Frameworks";
			outputPaths = (
			);
			runOnlyForDeploymentPostprocessing = 0;
			shellPath = /bin/sh;
			shellScript = "\"${SRCROOT}/Pods/Target Support Files/Pods-JBTwitterStreaming/Pods-JBTwitterStreaming-frameworks.sh\"\n";
			showEnvVarsInLog = 0;
		};
/* End PBXShellScriptBuildPhase section */

/* Begin PBXSourcesBuildPhase section */
		A90CB7A81E36DA3E00E49285 /* Sources */ = {
			isa = PBXSourcesBuildPhase;
			buildActionMask = 2147483647;
			files = (
				A90CB7D21E36DCEF00E49285 /* String.swift in Sources */,
				A90CB7D41E36DDFD00E49285 /* UIColor.swift in Sources */,
				A90CB7CD1E36DC9400E49285 /* TwitterWebService.swift in Sources */,
				A90CB7CF1E36DCB800E49285 /* Tweet.swift in Sources */,
				A90CB7B01E36DA3E00E49285 /* AppDelegate.swift in Sources */,
				A90CB7D61E36DFDA00E49285 /* DisplayMetrics.swift in Sources */,
				A90CB7CB1E36DC6E00E49285 /* StreamingMetricsViewController.swift in Sources */,
				A90CB7DC1E36E2C400E49285 /* Constant.swift in Sources */,
				A90CB7DE1E36EE7700E49285 /* Date.swift in Sources */,
				A90CB7DA1E36E10800E49285 /* UnicodeScalar.swift in Sources */,
				A90CB7D81E36E06E00E49285 /* Metrics.swift in Sources */,
			);
			runOnlyForDeploymentPostprocessing = 0;
		};
/* End PBXSourcesBuildPhase section */

/* Begin PBXVariantGroup section */
		A90CB7B31E36DA3E00E49285 /* Main.storyboard */ = {
			isa = PBXVariantGroup;
			children = (
				A90CB7B41E36DA3E00E49285 /* Base */,
			);
			name = Main.storyboard;
			sourceTree = "<group>";
		};
		A90CB7B81E36DA3E00E49285 /* LaunchScreen.storyboard */ = {
			isa = PBXVariantGroup;
			children = (
				A90CB7B91E36DA3E00E49285 /* Base */,
			);
			name = LaunchScreen.storyboard;
			sourceTree = "<group>";
		};
/* End PBXVariantGroup section */

/* Begin XCBuildConfiguration section */
		A90CB7BC1E36DA3E00E49285 /* Debug */ = {
			isa = XCBuildConfiguration;
			buildSettings = {
				ALWAYS_SEARCH_USER_PATHS = NO;
				CLANG_ANALYZER_NONNULL = YES;
				CLANG_CXX_LANGUAGE_STANDARD = "gnu++0x";
				CLANG_CXX_LIBRARY = "libc++";
				CLANG_ENABLE_MODULES = YES;
				CLANG_ENABLE_OBJC_ARC = YES;
				CLANG_WARN_BOOL_CONVERSION = YES;
				CLANG_WARN_CONSTANT_CONVERSION = YES;
				CLANG_WARN_DIRECT_OBJC_ISA_USAGE = YES_ERROR;
				CLANG_WARN_DOCUMENTATION_COMMENTS = YES;
				CLANG_WARN_EMPTY_BODY = YES;
				CLANG_WARN_ENUM_CONVERSION = YES;
				CLANG_WARN_INFINITE_RECURSION = YES;
				CLANG_WARN_INT_CONVERSION = YES;
				CLANG_WARN_OBJC_ROOT_CLASS = YES_ERROR;
				CLANG_WARN_SUSPICIOUS_MOVES = YES;
				CLANG_WARN_UNREACHABLE_CODE = YES;
				CLANG_WARN__DUPLICATE_METHOD_MATCH = YES;
				"CODE_SIGN_IDENTITY[sdk=iphoneos*]" = "iPhone Developer";
				COPY_PHASE_STRIP = NO;
				DEBUG_INFORMATION_FORMAT = dwarf;
				ENABLE_STRICT_OBJC_MSGSEND = YES;
				ENABLE_TESTABILITY = YES;
				GCC_C_LANGUAGE_STANDARD = gnu99;
				GCC_DYNAMIC_NO_PIC = NO;
				GCC_NO_COMMON_BLOCKS = YES;
				GCC_OPTIMIZATION_LEVEL = 0;
				GCC_PREPROCESSOR_DEFINITIONS = (
					"DEBUG=1",
					"$(inherited)",
				);
				GCC_WARN_64_TO_32_BIT_CONVERSION = YES;
				GCC_WARN_ABOUT_RETURN_TYPE = YES_ERROR;
				GCC_WARN_UNDECLARED_SELECTOR = YES;
				GCC_WARN_UNINITIALIZED_AUTOS = YES_AGGRESSIVE;
				GCC_WARN_UNUSED_FUNCTION = YES;
				GCC_WARN_UNUSED_VARIABLE = YES;
				IPHONEOS_DEPLOYMENT_TARGET = 10.0;
				MTL_ENABLE_DEBUG_INFO = YES;
				ONLY_ACTIVE_ARCH = YES;
				SDKROOT = iphoneos;
				SWIFT_ACTIVE_COMPILATION_CONDITIONS = DEBUG;
				SWIFT_OPTIMIZATION_LEVEL = "-Onone";
			};
			name = Debug;
		};
		A90CB7BD1E36DA3E00E49285 /* Release */ = {
			isa = XCBuildConfiguration;
			buildSettings = {
				ALWAYS_SEARCH_USER_PATHS = NO;
				CLANG_ANALYZER_NONNULL = YES;
				CLANG_CXX_LANGUAGE_STANDARD = "gnu++0x";
				CLANG_CXX_LIBRARY = "libc++";
				CLANG_ENABLE_MODULES = YES;
				CLANG_ENABLE_OBJC_ARC = YES;
				CLANG_WARN_BOOL_CONVERSION = YES;
				CLANG_WARN_CONSTANT_CONVERSION = YES;
				CLANG_WARN_DIRECT_OBJC_ISA_USAGE = YES_ERROR;
				CLANG_WARN_DOCUMENTATION_COMMENTS = YES;
				CLANG_WARN_EMPTY_BODY = YES;
				CLANG_WARN_ENUM_CONVERSION = YES;
				CLANG_WARN_INFINITE_RECURSION = YES;
				CLANG_WARN_INT_CONVERSION = YES;
				CLANG_WARN_OBJC_ROOT_CLASS = YES_ERROR;
				CLANG_WARN_SUSPICIOUS_MOVES = YES;
				CLANG_WARN_UNREACHABLE_CODE = YES;
				CLANG_WARN__DUPLICATE_METHOD_MATCH = YES;
				"CODE_SIGN_IDENTITY[sdk=iphoneos*]" = "iPhone Developer";
				COPY_PHASE_STRIP = NO;
				DEBUG_INFORMATION_FORMAT = "dwarf-with-dsym";
				ENABLE_NS_ASSERTIONS = NO;
				ENABLE_STRICT_OBJC_MSGSEND = YES;
				GCC_C_LANGUAGE_STANDARD = gnu99;
				GCC_NO_COMMON_BLOCKS = YES;
				GCC_WARN_64_TO_32_BIT_CONVERSION = YES;
				GCC_WARN_ABOUT_RETURN_TYPE = YES_ERROR;
				GCC_WARN_UNDECLARED_SELECTOR = YES;
				GCC_WARN_UNINITIALIZED_AUTOS = YES_AGGRESSIVE;
				GCC_WARN_UNUSED_FUNCTION = YES;
				GCC_WARN_UNUSED_VARIABLE = YES;
				IPHONEOS_DEPLOYMENT_TARGET = 10.0;
				MTL_ENABLE_DEBUG_INFO = NO;
				SDKROOT = iphoneos;
				SWIFT_OPTIMIZATION_LEVEL = "-Owholemodule";
				VALIDATE_PRODUCT = YES;
			};
			name = Release;
		};
		A90CB7BF1E36DA3E00E49285 /* Debug */ = {
			isa = XCBuildConfiguration;
			baseConfigurationReference = A09EF8E392A41C898F48DB3D /* Pods-JBTwitterStreaming.debug.xcconfig */;
			buildSettings = {
				ASSETCATALOG_COMPILER_APPICON_NAME = AppIcon;
				INFOPLIST_FILE = JBTwitterStreaming/Info.plist;
				LD_RUNPATH_SEARCH_PATHS = "$(inherited) @executable_path/Frameworks";
				PRODUCT_BUNDLE_IDENTIFIER = jeff.breunig.JBTwitterStreaming;
				PRODUCT_NAME = "$(TARGET_NAME)";
				SWIFT_VERSION = 3.0;
			};
			name = Debug;
		};
		A90CB7C01E36DA3E00E49285 /* Release */ = {
			isa = XCBuildConfiguration;
			baseConfigurationReference = C7EF3A4276F95433D5E974E5 /* Pods-JBTwitterStreaming.release.xcconfig */;
			buildSettings = {
				ASSETCATALOG_COMPILER_APPICON_NAME = AppIcon;
				INFOPLIST_FILE = JBTwitterStreaming/Info.plist;
				LD_RUNPATH_SEARCH_PATHS = "$(inherited) @executable_path/Frameworks";
				PRODUCT_BUNDLE_IDENTIFIER = jeff.breunig.JBTwitterStreaming;
				PRODUCT_NAME = "$(TARGET_NAME)";
				SWIFT_VERSION = 3.0;
			};
			name = Release;
		};
/* End XCBuildConfiguration section */

/* Begin XCConfigurationList section */
		A90CB7A71E36DA3E00E49285 /* Build configuration list for PBXProject "JBTwitterStreaming" */ = {
			isa = XCConfigurationList;
			buildConfigurations = (
				A90CB7BC1E36DA3E00E49285 /* Debug */,
				A90CB7BD1E36DA3E00E49285 /* Release */,
			);
			defaultConfigurationIsVisible = 0;
			defaultConfigurationName = Release;
		};
		A90CB7BE1E36DA3E00E49285 /* Build configuration list for PBXNativeTarget "JBTwitterStreaming" */ = {
			isa = XCConfigurationList;
			buildConfigurations = (
				A90CB7BF1E36DA3E00E49285 /* Debug */,
				A90CB7C01E36DA3E00E49285 /* Release */,
			);
			defaultConfigurationIsVisible = 0;
			defaultConfigurationName = Release;
		};
/* End XCConfigurationList section */
	};
	rootObject = A90CB7A41E36DA3E00E49285 /* Project object */;
}
